
Microsoft Visual Studio Solution File, Format Version 12.00
# Visual Studio Version 17
VisualStudioVersion = 17.11.35312.102
MinimumVisualStudioVersion = 10.0.40219.1
Project("{2150E333-8FDC-42A3-9474-1A3956D46DE8}") = "Task0", "Task0", "{082BFB7A-C6A9-4B27-B598-6369853F86DA}"
EndProject
Project("{FAE04EC0-301F-11D3-BF4B-00C04F79EFBC}") = "Tyuiu.BozhukovVP.Sprint5.Task0.V5", "Tyuiu.BozhukovVP.Sprint5.Task0.V5\Tyuiu.BozhukovVP.Sprint5.Task0.V5.csproj", "{0B4C0876-C8D0-456A-B78B-7C1E7EA04433}"
EndProject
Project("{FAE04EC0-301F-11D3-BF4B-00C04F79EFBC}") = "Tyuiu.BozhukovVP.Sprint5.Task0.V5.Lib", "Tyuiu.BozhukovVP.Sprint5.Task0.V5.Lib\Tyuiu.BozhukovVP.Sprint5.Task0.V5.Lib.csproj", "{1D8B1984-2FE0-44BA-BF6C-4A03160045AA}"
EndProject
Project("{FAE04EC0-301F-11D3-BF4B-00C04F79EFBC}") = "Tyuiu.BozhukovVP.Sprint5.Task0.V5.Test", "Tyuiu.BozhukovVP.Sprint5.Task0.V5.Test\Tyuiu.BozhukovVP.Sprint5.Task0.V5.Test.csproj", "{60B97A62-1FBD-4ED5-983F-5173E4501022}"
EndProject
Project("{2150E333-8FDC-42A3-9474-1A3956D46DE8}") = "Task1", "Task1", "{1610D04B-136D-4512-B938-68EC36A6A0D6}"
EndProject
Project("{FAE04EC0-301F-11D3-BF4B-00C04F79EFBC}") = "Tyuiu.BozhukovVP.Sprint5.Task1.V12", "Tyuiu.BozhukovVP.Sprint5.Task1.V12\Tyuiu.BozhukovVP.Sprint5.Task1.V12.csproj", "{A1FB9755-D6D9-4457-84C4-DC4B44941A06}"
EndProject
Project("{FAE04EC0-301F-11D3-BF4B-00C04F79EFBC}") = "Tyuiu.BozhukovVP.Sprint5.Task1.V12.Lib", "Tyuiu.BozhukovVP.Sprint5.Task1.V12.Lib\Tyuiu.BozhukovVP.Sprint5.Task1.V12.Lib.csproj", "{806B5B3E-8321-4751-AAD3-90CF75DF7D40}"
EndProject
Project("{FAE04EC0-301F-11D3-BF4B-00C04F79EFBC}") = "Tyuiu.BozhukovVP.Sprint5.Task1.V12.Test", "Tyuiu.BozhukovVP.Sprint5.Task1.V12.Test\Tyuiu.BozhukovVP.Sprint5.Task1.V12.Test.csproj", "{95B11347-E978-4B76-8B6A-1887A08221DC}"
EndProject
Project("{2150E333-8FDC-42A3-9474-1A3956D46DE8}") = "Task2", "Task2", "{2C0FECAB-E8C4-4F32-95C5-108184EEE87E}"
EndProject
Project("{FAE04EC0-301F-11D3-BF4B-00C04F79EFBC}") = "Tyuiu.BozhukovVP.Sprint5.Task2.V17", "Tyuiu.BozhukovVP.Sprint5.Task2.V17\Tyuiu.BozhukovVP.Sprint5.Task2.V17.csproj", "{46E9F5D7-F2C3-4D29-96CC-F0117F8349E1}"
EndProject
Project("{FAE04EC0-301F-11D3-BF4B-00C04F79EFBC}") = "Tyuiu.BozhukovVP.Sprint5.Task2.V17.Lib", "Tyuiu.BozhukovVP.Sprint5.Task2.V17.Lib\Tyuiu.BozhukovVP.Sprint5.Task2.V17.Lib.csproj", "{11CB20BA-582D-4B04-B583-88B3EB026DE6}"
EndProject
Project("{FAE04EC0-301F-11D3-BF4B-00C04F79EFBC}") = "Tyuiu.BozhukovVP.Sprint5.Task2.V17.Test", "Tyuiu.BozhukovVP.Sprint5.Task2.V17.Test\Tyuiu.BozhukovVP.Sprint5.Task2.V17.Test.csproj", "{2B4452FB-BBED-47BF-82D8-552A5217C12D}"
EndProject
Project("{2150E333-8FDC-42A3-9474-1A3956D46DE8}") = "Task3", "Task3", "{338D8BC0-4381-4652-8915-FBFFFE3D4E11}"
EndProject
Project("{FAE04EC0-301F-11D3-BF4B-00C04F79EFBC}") = "Tyuiu.BozhukovVP.Sprint5.Task3.V8", "Tyuiu.BozhukovVP.Sprint5.Task3.V8\Tyuiu.BozhukovVP.Sprint5.Task3.V8.csproj", "{6A724155-C207-4C7F-8856-EC1630555233}"
EndProject
Project("{FAE04EC0-301F-11D3-BF4B-00C04F79EFBC}") = "Tyuiu.BozhukovVP.Sprint5.Task3.V8.Lib", "Tyuiu.BozhukovVP.Sprint5.Task3.V8.Lib\Tyuiu.BozhukovVP.Sprint5.Task3.V8.Lib.csproj", "{37D51CE8-22CD-4D90-909B-3D568124E416}"
EndProject
Project("{FAE04EC0-301F-11D3-BF4B-00C04F79EFBC}") = "Tyuiu.BozhukovVP.Sprint5.Task3.V8.Test", "Tyuiu.BozhukovVP.Sprint5.Task3.V8.Test\Tyuiu.BozhukovVP.Sprint5.Task3.V8.Test.csproj", "{3CD7CBE6-6A6E-4B3C-9E74-F0FA4FA26D7C}"
EndProject
Project("{2150E333-8FDC-42A3-9474-1A3956D46DE8}") = "Task4", "Task4", "{70D5A3C8-97C7-4710-80BA-0A067E8BE703}"
EndProject
Project("{FAE04EC0-301F-11D3-BF4B-00C04F79EFBC}") = "Tyuiu.BozhukovVP.Sprint5.Task4.V14", "Tyuiu.BozhukovVP.Sprint5.Task4.V14\Tyuiu.BozhukovVP.Sprint5.Task4.V14.csproj", "{F550B9E0-4402-414E-B619-8235DF7782E7}"
EndProject
Project("{FAE04EC0-301F-11D3-BF4B-00C04F79EFBC}") = "Tyuiu.BozhukovVP.Sprint5.Task4.V14.Lib", "Tyuiu.BozhukovVP.Sprint5.Task4.V14.Lib\Tyuiu.BozhukovVP.Sprint5.Task4.V14.Lib.csproj", "{578A2289-BB38-4093-9174-FE3106D565EF}"
EndProject
Project("{FAE04EC0-301F-11D3-BF4B-00C04F79EFBC}") = "Tyuiu.BozhukovVP.Sprint5.Task4.V14.Test", "Tyuiu.BozhukovVP.Sprint5.Task4.V14.Test\Tyuiu.BozhukovVP.Sprint5.Task4.V14.Test.csproj", "{2B9B7E88-7EB4-4826-BF81-6721F9902F2B}"
EndProject
Project("{2150E333-8FDC-42A3-9474-1A3956D46DE8}") = "Task5", "Task5", "{CCBBADDD-D207-4ADC-B5BB-E0301B3240C4}"
EndProject
Project("{FAE04EC0-301F-11D3-BF4B-00C04F79EFBC}") = "Tyuiu.BozhukovVP.Sprint5.Task5.V15", "Tyuiu.BozhukovVP.Sprint5.Task5.V15\Tyuiu.BozhukovVP.Sprint5.Task5.V15.csproj", "{11601096-6AEC-4BEF-87B4-1CC49B0244F8}"
EndProject
Project("{FAE04EC0-301F-11D3-BF4B-00C04F79EFBC}") = "Tyuiu.BozhukovVP.Sprint5.Task5.V15.Lib", "Tyuiu.BozhukovVP.Sprint5.Task5.V15.Lib\Tyuiu.BozhukovVP.Sprint5.Task5.V15.Lib.csproj", "{7FB124F6-FE87-4DC1-A8DA-ACF35F06ECFC}"
EndProject
Project("{FAE04EC0-301F-11D3-BF4B-00C04F79EFBC}") = "Tyuiu.BozhukovVP.Sprint5.Task5.V15.Test", "Tyuiu.BozhukovVP.Sprint5.Task5.V15.Test\Tyuiu.BozhukovVP.Sprint5.Task5.V15.Test.csproj", "{796A2D61-E851-4E5D-AB9B-9D4C820C6A23}"
EndProject
Global
	GlobalSection(SolutionConfigurationPlatforms) = preSolution
		Debug|Any CPU = Debug|Any CPU
		Release|Any CPU = Release|Any CPU
	EndGlobalSection
	GlobalSection(ProjectConfigurationPlatforms) = postSolution
		{0B4C0876-C8D0-456A-B78B-7C1E7EA04433}.Debug|Any CPU.ActiveCfg = Debug|Any CPU
		{0B4C0876-C8D0-456A-B78B-7C1E7EA04433}.Debug|Any CPU.Build.0 = Debug|Any CPU
		{0B4C0876-C8D0-456A-B78B-7C1E7EA04433}.Release|Any CPU.ActiveCfg = Release|Any CPU
		{0B4C0876-C8D0-456A-B78B-7C1E7EA04433}.Release|Any CPU.Build.0 = Release|Any CPU
		{1D8B1984-2FE0-44BA-BF6C-4A03160045AA}.Debug|Any CPU.ActiveCfg = Debug|Any CPU
		{1D8B1984-2FE0-44BA-BF6C-4A03160045AA}.Debug|Any CPU.Build.0 = Debug|Any CPU
		{1D8B1984-2FE0-44BA-BF6C-4A03160045AA}.Release|Any CPU.ActiveCfg = Release|Any CPU
		{1D8B1984-2FE0-44BA-BF6C-4A03160045AA}.Release|Any CPU.Build.0 = Release|Any CPU
		{60B97A62-1FBD-4ED5-983F-5173E4501022}.Debug|Any CPU.ActiveCfg = Debug|Any CPU
		{60B97A62-1FBD-4ED5-983F-5173E4501022}.Debug|Any CPU.Build.0 = Debug|Any CPU
		{60B97A62-1FBD-4ED5-983F-5173E4501022}.Release|Any CPU.ActiveCfg = Release|Any CPU
		{60B97A62-1FBD-4ED5-983F-5173E4501022}.Release|Any CPU.Build.0 = Release|Any CPU
		{A1FB9755-D6D9-4457-84C4-DC4B44941A06}.Debug|Any CPU.ActiveCfg = Debug|Any CPU
		{A1FB9755-D6D9-4457-84C4-DC4B44941A06}.Debug|Any CPU.Build.0 = Debug|Any CPU
		{A1FB9755-D6D9-4457-84C4-DC4B44941A06}.Release|Any CPU.ActiveCfg = Release|Any CPU
		{A1FB9755-D6D9-4457-84C4-DC4B44941A06}.Release|Any CPU.Build.0 = Release|Any CPU
		{806B5B3E-8321-4751-AAD3-90CF75DF7D40}.Debug|Any CPU.ActiveCfg = Debug|Any CPU
		{806B5B3E-8321-4751-AAD3-90CF75DF7D40}.Debug|Any CPU.Build.0 = Debug|Any CPU
		{806B5B3E-8321-4751-AAD3-90CF75DF7D40}.Release|Any CPU.ActiveCfg = Release|Any CPU
		{806B5B3E-8321-4751-AAD3-90CF75DF7D40}.Release|Any CPU.Build.0 = Release|Any CPU
		{95B11347-E978-4B76-8B6A-1887A08221DC}.Debug|Any CPU.ActiveCfg = Debug|Any CPU
		{95B11347-E978-4B76-8B6A-1887A08221DC}.Debug|Any CPU.Build.0 = Debug|Any CPU
		{95B11347-E978-4B76-8B6A-1887A08221DC}.Release|Any CPU.ActiveCfg = Release|Any CPU
		{95B11347-E978-4B76-8B6A-1887A08221DC}.Release|Any CPU.Build.0 = Release|Any CPU
		{46E9F5D7-F2C3-4D29-96CC-F0117F8349E1}.Debug|Any CPU.ActiveCfg = Debug|Any CPU
		{46E9F5D7-F2C3-4D29-96CC-F0117F8349E1}.Debug|Any CPU.Build.0 = Debug|Any CPU
		{46E9F5D7-F2C3-4D29-96CC-F0117F8349E1}.Release|Any CPU.ActiveCfg = Release|Any CPU
		{46E9F5D7-F2C3-4D29-96CC-F0117F8349E1}.Release|Any CPU.Build.0 = Release|Any CPU
		{11CB20BA-582D-4B04-B583-88B3EB026DE6}.Debug|Any CPU.ActiveCfg = Debug|Any CPU
		{11CB20BA-582D-4B04-B583-88B3EB026DE6}.Debug|Any CPU.Build.0 = Debug|Any CPU
		{11CB20BA-582D-4B04-B583-88B3EB026DE6}.Release|Any CPU.ActiveCfg = Release|Any CPU
		{11CB20BA-582D-4B04-B583-88B3EB026DE6}.Release|Any CPU.Build.0 = Release|Any CPU
		{2B4452FB-BBED-47BF-82D8-552A5217C12D}.Debug|Any CPU.ActiveCfg = Debug|Any CPU
		{2B4452FB-BBED-47BF-82D8-552A5217C12D}.Debug|Any CPU.Build.0 = Debug|Any CPU
		{2B4452FB-BBED-47BF-82D8-552A5217C12D}.Release|Any CPU.ActiveCfg = Release|Any CPU
		{2B4452FB-BBED-47BF-82D8-552A5217C12D}.Release|Any CPU.Build.0 = Release|Any CPU
		{6A724155-C207-4C7F-8856-EC1630555233}.Debug|Any CPU.ActiveCfg = Debug|Any CPU
		{6A724155-C207-4C7F-8856-EC1630555233}.Debug|Any CPU.Build.0 = Debug|Any CPU
		{6A724155-C207-4C7F-8856-EC1630555233}.Release|Any CPU.ActiveCfg = Release|Any CPU
		{6A724155-C207-4C7F-8856-EC1630555233}.Release|Any CPU.Build.0 = Release|Any CPU
		{37D51CE8-22CD-4D90-909B-3D568124E416}.Debug|Any CPU.ActiveCfg = Debug|Any CPU
		{37D51CE8-22CD-4D90-909B-3D568124E416}.Debug|Any CPU.Build.0 = Debug|Any CPU
		{37D51CE8-22CD-4D90-909B-3D568124E416}.Release|Any CPU.ActiveCfg = Release|Any CPU
		{37D51CE8-22CD-4D90-909B-3D568124E416}.Release|Any CPU.Build.0 = Release|Any CPU
		{3CD7CBE6-6A6E-4B3C-9E74-F0FA4FA26D7C}.Debug|Any CPU.ActiveCfg = Debug|Any CPU
		{3CD7CBE6-6A6E-4B3C-9E74-F0FA4FA26D7C}.Debug|Any CPU.Build.0 = Debug|Any CPU
		{3CD7CBE6-6A6E-4B3C-9E74-F0FA4FA26D7C}.Release|Any CPU.ActiveCfg = Release|Any CPU
		{3CD7CBE6-6A6E-4B3C-9E74-F0FA4FA26D7C}.Release|Any CPU.Build.0 = Release|Any CPU
		{F550B9E0-4402-414E-B619-8235DF7782E7}.Debug|Any CPU.ActiveCfg = Debug|Any CPU
		{F550B9E0-4402-414E-B619-8235DF7782E7}.Debug|Any CPU.Build.0 = Debug|Any CPU
		{F550B9E0-4402-414E-B619-8235DF7782E7}.Release|Any CPU.ActiveCfg = Release|Any CPU
		{F550B9E0-4402-414E-B619-8235DF7782E7}.Release|Any CPU.Build.0 = Release|Any CPU
		{578A2289-BB38-4093-9174-FE3106D565EF}.Debug|Any CPU.ActiveCfg = Debug|Any CPU
		{578A2289-BB38-4093-9174-FE3106D565EF}.Debug|Any CPU.Build.0 = Debug|Any CPU
		{578A2289-BB38-4093-9174-FE3106D565EF}.Release|Any CPU.ActiveCfg = Release|Any CPU
		{578A2289-BB38-4093-9174-FE3106D565EF}.Release|Any CPU.Build.0 = Release|Any CPU
		{2B9B7E88-7EB4-4826-BF81-6721F9902F2B}.Debug|Any CPU.ActiveCfg = Debug|Any CPU
		{2B9B7E88-7EB4-4826-BF81-6721F9902F2B}.Debug|Any CPU.Build.0 = Debug|Any CPU
		{2B9B7E88-7EB4-4826-BF81-6721F9902F2B}.Release|Any CPU.ActiveCfg = Release|Any CPU
		{2B9B7E88-7EB4-4826-BF81-6721F9902F2B}.Release|Any CPU.Build.0 = Release|Any CPU
		{11601096-6AEC-4BEF-87B4-1CC49B0244F8}.Debug|Any CPU.ActiveCfg = Debug|Any CPU
		{11601096-6AEC-4BEF-87B4-1CC49B0244F8}.Debug|Any CPU.Build.0 = Debug|Any CPU
		{11601096-6AEC-4BEF-87B4-1CC49B0244F8}.Release|Any CPU.ActiveCfg = Release|Any CPU
		{11601096-6AEC-4BEF-87B4-1CC49B0244F8}.Release|Any CPU.Build.0 = Release|Any CPU
		{7FB124F6-FE87-4DC1-A8DA-ACF35F06ECFC}.Debug|Any CPU.ActiveCfg = Debug|Any CPU
		{7FB124F6-FE87-4DC1-A8DA-ACF35F06ECFC}.Debug|Any CPU.Build.0 = Debug|Any CPU
		{7FB124F6-FE87-4DC1-A8DA-ACF35F06ECFC}.Release|Any CPU.ActiveCfg = Release|Any CPU
		{7FB124F6-FE87-4DC1-A8DA-ACF35F06ECFC}.Release|Any CPU.Build.0 = Release|Any CPU
		{796A2D61-E851-4E5D-AB9B-9D4C820C6A23}.Debug|Any CPU.ActiveCfg = Debug|Any CPU
		{796A2D61-E851-4E5D-AB9B-9D4C820C6A23}.Debug|Any CPU.Build.0 = Debug|Any CPU
		{796A2D61-E851-4E5D-AB9B-9D4C820C6A23}.Release|Any CPU.ActiveCfg = Release|Any CPU
		{796A2D61-E851-4E5D-AB9B-9D4C820C6A23}.Release|Any CPU.Build.0 = Release|Any CPU
	EndGlobalSection
	GlobalSection(SolutionProperties) = preSolution
		HideSolutionNode = FALSE
	EndGlobalSection
	GlobalSection(NestedProjects) = preSolution
		{0B4C0876-C8D0-456A-B78B-7C1E7EA04433} = {082BFB7A-C6A9-4B27-B598-6369853F86DA}
		{1D8B1984-2FE0-44BA-BF6C-4A03160045AA} = {082BFB7A-C6A9-4B27-B598-6369853F86DA}
		{60B97A62-1FBD-4ED5-983F-5173E4501022} = {082BFB7A-C6A9-4B27-B598-6369853F86DA}
		{A1FB9755-D6D9-4457-84C4-DC4B44941A06} = {1610D04B-136D-4512-B938-68EC36A6A0D6}
		{806B5B3E-8321-4751-AAD3-90CF75DF7D40} = {1610D04B-136D-4512-B938-68EC36A6A0D6}
		{95B11347-E978-4B76-8B6A-1887A08221DC} = {1610D04B-136D-4512-B938-68EC36A6A0D6}
		{46E9F5D7-F2C3-4D29-96CC-F0117F8349E1} = {2C0FECAB-E8C4-4F32-95C5-108184EEE87E}
		{11CB20BA-582D-4B04-B583-88B3EB026DE6} = {2C0FECAB-E8C4-4F32-95C5-108184EEE87E}
		{2B4452FB-BBED-47BF-82D8-552A5217C12D} = {2C0FECAB-E8C4-4F32-95C5-108184EEE87E}
		{6A724155-C207-4C7F-8856-EC1630555233} = {338D8BC0-4381-4652-8915-FBFFFE3D4E11}
		{37D51CE8-22CD-4D90-909B-3D568124E416} = {338D8BC0-4381-4652-8915-FBFFFE3D4E11}
		{3CD7CBE6-6A6E-4B3C-9E74-F0FA4FA26D7C} = {338D8BC0-4381-4652-8915-FBFFFE3D4E11}
		{F550B9E0-4402-414E-B619-8235DF7782E7} = {70D5A3C8-97C7-4710-80BA-0A067E8BE703}
		{578A2289-BB38-4093-9174-FE3106D565EF} = {70D5A3C8-97C7-4710-80BA-0A067E8BE703}
		{2B9B7E88-7EB4-4826-BF81-6721F9902F2B} = {70D5A3C8-97C7-4710-80BA-0A067E8BE703}
		{11601096-6AEC-4BEF-87B4-1CC49B0244F8} = {CCBBADDD-D207-4ADC-B5BB-E0301B3240C4}
		{7FB124F6-FE87-4DC1-A8DA-ACF35F06ECFC} = {CCBBADDD-D207-4ADC-B5BB-E0301B3240C4}
		{796A2D61-E851-4E5D-AB9B-9D4C820C6A23} = {CCBBADDD-D207-4ADC-B5BB-E0301B3240C4}
	EndGlobalSection
	GlobalSection(ExtensibilityGlobals) = postSolution
		SolutionGuid = {C524DE30-D700-4B33-B10B-8A408D98201D}
	EndGlobalSection
EndGlobal
